
Microsoft Visual Studio Solution File, Format Version 12.00
# Visual Studio Version 16
VisualStudioVersion = 16.0.29326.143
MinimumVisualStudioVersion = 10.0.40219.1
Project("{FAE04EC0-301F-11D3-BF4B-00C04F79EFBC}") = "Server", "Server\Server.csproj", "{2DD9A357-A3F4-46C8-A065-217218CE4188}"
EndProject
Project("{FAE04EC0-301F-11D3-BF4B-00C04F79EFBC}") = "Client", "Client\Client.csproj", "{1565C3FB-AB10-4E31-8C58-66E8BEA1BAB9}"
EndProject
Global
	GlobalSection(SolutionConfigurationPlatforms) = preSolution
		Debug|Any CPU = Debug|Any CPU
		Release|Any CPU = Release|Any CPU
	EndGlobalSection
	GlobalSection(ProjectConfigurationPlatforms) = postSolution
		{2DD9A357-A3F4-46C8-A065-217218CE4188}.Debug|Any CPU.ActiveCfg = Debug|Any CPU
		{2DD9A357-A3F4-46C8-A065-217218CE4188}.Debug|Any CPU.Build.0 = Debug|Any CPU
		{2DD9A357-A3F4-46C8-A065-217218CE4188}.Release|Any CPU.ActiveCfg = Release|Any CPU
		{2DD9A357-A3F4-46C8-A065-217218CE4188}.Release|Any CPU.Build.0 = Release|Any CPU
		{1565C3FB-AB10-4E31-8C58-66E8BEA1BAB9}.Debug|Any CPU.ActiveCfg = Debug|Any CPU
		{1565C3FB-AB10-4E31-8C58-66E8BEA1BAB9}.Debug|Any CPU.Build.0 = Debug|Any CPU
		{1565C3FB-AB10-4E31-8C58-66E8BEA1BAB9}.Release|Any CPU.ActiveCfg = Release|Any CPU
		{1565C3FB-AB10-4E31-8C58-66E8BEA1BAB9}.Release|Any CPU.Build.0 = Release|Any CPU
	EndGlobalSection
	GlobalSection(SolutionProperties) = preSolution
		HideSolutionNode = FALSE
	EndGlobalSection
	GlobalSection(ExtensibilityGlobals) = postSolution
		SolutionGuid = {425AF719-FB25-4162-B3BB-D330C592DE4B}
	EndGlobalSection
EndGlobal
